
Microsoft Visual Studio Solution File, Format Version 12.00
# Visual Studio Version 17
VisualStudioVersion = 17.1.32210.238
MinimumVisualStudioVersion = 10.0.40219.1
Project("{FAE04EC0-301F-11D3-BF4B-00C04F79EFBC}") = "sql-db", "sql-db\sql-db.csproj", "{FC38E2FE-76FE-4335-BEB3-6A170C4AED2C}"
EndProject
Global
	GlobalSection(SolutionConfigurationPlatforms) = preSolution
		Debug|Any CPU = Debug|Any CPU
		Release|Any CPU = Release|Any CPU
	EndGlobalSection
	GlobalSection(ProjectConfigurationPlatforms) = postSolution
		{FC38E2FE-76FE-4335-BEB3-6A170C4AED2C}.Debug|Any CPU.ActiveCfg = Debug|Any CPU
		{FC38E2FE-76FE-4335-BEB3-6A170C4AED2C}.Debug|Any CPU.Build.0 = Debug|Any CPU
		{FC38E2FE-76FE-4335-BEB3-6A170C4AED2C}.Release|Any CPU.ActiveCfg = Release|Any CPU
		{FC38E2FE-76FE-4335-BEB3-6A170C4AED2C}.Release|Any CPU.Build.0 = Release|Any CPU
	EndGlobalSection
	GlobalSection(SolutionProperties) = preSolution
		HideSolutionNode = FALSE
	EndGlobalSection
	GlobalSection(ExtensibilityGlobals) = postSolution
		SolutionGuid = {C2E6E2BD-6E11-450E-A503-FC003316CB3E}
	EndGlobalSection
EndGlobal
