
Microsoft Visual Studio Solution File, Format Version 12.00
# Visual Studio Version 17
VisualStudioVersion = 17.0.32014.148
MinimumVisualStudioVersion = 10.0.40219.1
Project("{FAE04EC0-301F-11D3-BF4B-00C04F79EFBC}") = "InterfaceTask", "InterfaceTask\InterfaceTask.csproj", "{B117DC6F-1893-4FDA-B30E-964505A0E67F}"
EndProject
Global
	GlobalSection(SolutionConfigurationPlatforms) = preSolution
		Debug|Any CPU = Debug|Any CPU
		Release|Any CPU = Release|Any CPU
	EndGlobalSection
	GlobalSection(ProjectConfigurationPlatforms) = postSolution
		{B117DC6F-1893-4FDA-B30E-964505A0E67F}.Debug|Any CPU.ActiveCfg = Debug|Any CPU
		{B117DC6F-1893-4FDA-B30E-964505A0E67F}.Debug|Any CPU.Build.0 = Debug|Any CPU
		{B117DC6F-1893-4FDA-B30E-964505A0E67F}.Release|Any CPU.ActiveCfg = Release|Any CPU
		{B117DC6F-1893-4FDA-B30E-964505A0E67F}.Release|Any CPU.Build.0 = Release|Any CPU
	EndGlobalSection
	GlobalSection(SolutionProperties) = preSolution
		HideSolutionNode = FALSE
	EndGlobalSection
	GlobalSection(ExtensibilityGlobals) = postSolution
		SolutionGuid = {C052EEA2-8FAE-458C-A31E-CAA37C4A2697}
	EndGlobalSection
EndGlobal
