
Microsoft Visual Studio Solution File, Format Version 12.00
# Visual Studio Version 17
VisualStudioVersion = 17.1.32210.238
MinimumVisualStudioVersion = 10.0.40219.1
Project("{FAE04EC0-301F-11D3-BF4B-00C04F79EFBC}") = "Winform22", "Winform22\Winform22.csproj", "{35A8A803-1195-44EC-9DAB-B492B3C2982E}"
EndProject
Global
	GlobalSection(SolutionConfigurationPlatforms) = preSolution
		Debug|Any CPU = Debug|Any CPU
		Release|Any CPU = Release|Any CPU
	EndGlobalSection
	GlobalSection(ProjectConfigurationPlatforms) = postSolution
		{35A8A803-1195-44EC-9DAB-B492B3C2982E}.Debug|Any CPU.ActiveCfg = Debug|Any CPU
		{35A8A803-1195-44EC-9DAB-B492B3C2982E}.Debug|Any CPU.Build.0 = Debug|Any CPU
		{35A8A803-1195-44EC-9DAB-B492B3C2982E}.Release|Any CPU.ActiveCfg = Release|Any CPU
		{35A8A803-1195-44EC-9DAB-B492B3C2982E}.Release|Any CPU.Build.0 = Release|Any CPU
	EndGlobalSection
	GlobalSection(SolutionProperties) = preSolution
		HideSolutionNode = FALSE
	EndGlobalSection
	GlobalSection(ExtensibilityGlobals) = postSolution
		SolutionGuid = {0FA4DBA5-32E5-4499-9EFE-A08E0AFBA082}
	EndGlobalSection
EndGlobal
