
Microsoft Visual Studio Solution File, Format Version 12.00
# Visual Studio Version 17
VisualStudioVersion = 17.0.32014.148
MinimumVisualStudioVersion = 10.0.40219.1
Project("{FAE04EC0-301F-11D3-BF4B-00C04F79EFBC}") = "test", "test\test.csproj", "{20BE09A3-5E3A-42A5-ADFD-2A4928F31455}"
EndProject
Global
	GlobalSection(SolutionConfigurationPlatforms) = preSolution
		Debug|Any CPU = Debug|Any CPU
		Release|Any CPU = Release|Any CPU
	EndGlobalSection
	GlobalSection(ProjectConfigurationPlatforms) = postSolution
		{20BE09A3-5E3A-42A5-ADFD-2A4928F31455}.Debug|Any CPU.ActiveCfg = Debug|Any CPU
		{20BE09A3-5E3A-42A5-ADFD-2A4928F31455}.Debug|Any CPU.Build.0 = Debug|Any CPU
		{20BE09A3-5E3A-42A5-ADFD-2A4928F31455}.Release|Any CPU.ActiveCfg = Release|Any CPU
		{20BE09A3-5E3A-42A5-ADFD-2A4928F31455}.Release|Any CPU.Build.0 = Release|Any CPU
	EndGlobalSection
	GlobalSection(SolutionProperties) = preSolution
		HideSolutionNode = FALSE
	EndGlobalSection
	GlobalSection(ExtensibilityGlobals) = postSolution
		SolutionGuid = {93E2F4CF-DD2A-46F9-B839-8A3DE3E49FA7}
	EndGlobalSection
EndGlobal
