
Microsoft Visual Studio Solution File, Format Version 12.00
# Visual Studio Version 17
VisualStudioVersion = 17.1.32210.238
MinimumVisualStudioVersion = 10.0.40219.1
Project("{FAE04EC0-301F-11D3-BF4B-00C04F79EFBC}") = "PasswordCreator", "PasswordCreator\PasswordCreator.csproj", "{CF252F87-B2EB-4DB3-964E-FAA96BDE06F0}"
EndProject
Global
	GlobalSection(SolutionConfigurationPlatforms) = preSolution
		Debug|Any CPU = Debug|Any CPU
		Release|Any CPU = Release|Any CPU
	EndGlobalSection
	GlobalSection(ProjectConfigurationPlatforms) = postSolution
		{CF252F87-B2EB-4DB3-964E-FAA96BDE06F0}.Debug|Any CPU.ActiveCfg = Debug|Any CPU
		{CF252F87-B2EB-4DB3-964E-FAA96BDE06F0}.Debug|Any CPU.Build.0 = Debug|Any CPU
		{CF252F87-B2EB-4DB3-964E-FAA96BDE06F0}.Release|Any CPU.ActiveCfg = Release|Any CPU
		{CF252F87-B2EB-4DB3-964E-FAA96BDE06F0}.Release|Any CPU.Build.0 = Release|Any CPU
	EndGlobalSection
	GlobalSection(SolutionProperties) = preSolution
		HideSolutionNode = FALSE
	EndGlobalSection
	GlobalSection(ExtensibilityGlobals) = postSolution
		SolutionGuid = {05E9D2FC-E613-4C7A-888E-C15D5E37586E}
	EndGlobalSection
EndGlobal
