
Microsoft Visual Studio Solution File, Format Version 12.00
# Visual Studio Version 17
VisualStudioVersion = 17.1.32328.378
MinimumVisualStudioVersion = 10.0.40219.1
Project("{FAE04EC0-301F-11D3-BF4B-00C04F79EFBC}") = "WebApplicationTest2", "WebApplicationTest2\WebApplicationTest2.csproj", "{48E59A1E-649E-4EA0-99C1-BCBAA0882C2F}"
EndProject
Global
	GlobalSection(SolutionConfigurationPlatforms) = preSolution
		Debug|Any CPU = Debug|Any CPU
		Release|Any CPU = Release|Any CPU
	EndGlobalSection
	GlobalSection(ProjectConfigurationPlatforms) = postSolution
		{48E59A1E-649E-4EA0-99C1-BCBAA0882C2F}.Debug|Any CPU.ActiveCfg = Debug|Any CPU
		{48E59A1E-649E-4EA0-99C1-BCBAA0882C2F}.Debug|Any CPU.Build.0 = Debug|Any CPU
		{48E59A1E-649E-4EA0-99C1-BCBAA0882C2F}.Release|Any CPU.ActiveCfg = Release|Any CPU
		{48E59A1E-649E-4EA0-99C1-BCBAA0882C2F}.Release|Any CPU.Build.0 = Release|Any CPU
	EndGlobalSection
	GlobalSection(SolutionProperties) = preSolution
		HideSolutionNode = FALSE
	EndGlobalSection
	GlobalSection(ExtensibilityGlobals) = postSolution
		SolutionGuid = {0ED65C41-36F8-4C5B-A57B-A2D491672B44}
	EndGlobalSection
EndGlobal
