
Microsoft Visual Studio Solution File, Format Version 12.00
# Visual Studio Version 17
VisualStudioVersion = 17.0.32014.148
MinimumVisualStudioVersion = 10.0.40219.1
Project("{FAE04EC0-301F-11D3-BF4B-00C04F79EFBC}") = "Class", "Class\Class.csproj", "{638865B6-DDF8-48D7-8636-AC8E61A6DA70}"
EndProject
Global
	GlobalSection(SolutionConfigurationPlatforms) = preSolution
		Debug|Any CPU = Debug|Any CPU
		Release|Any CPU = Release|Any CPU
	EndGlobalSection
	GlobalSection(ProjectConfigurationPlatforms) = postSolution
		{638865B6-DDF8-48D7-8636-AC8E61A6DA70}.Debug|Any CPU.ActiveCfg = Debug|Any CPU
		{638865B6-DDF8-48D7-8636-AC8E61A6DA70}.Debug|Any CPU.Build.0 = Debug|Any CPU
		{638865B6-DDF8-48D7-8636-AC8E61A6DA70}.Release|Any CPU.ActiveCfg = Release|Any CPU
		{638865B6-DDF8-48D7-8636-AC8E61A6DA70}.Release|Any CPU.Build.0 = Release|Any CPU
	EndGlobalSection
	GlobalSection(SolutionProperties) = preSolution
		HideSolutionNode = FALSE
	EndGlobalSection
	GlobalSection(ExtensibilityGlobals) = postSolution
		SolutionGuid = {01A6538A-A9A8-47F0-819D-37885B0B1935}
	EndGlobalSection
EndGlobal
