
Microsoft Visual Studio Solution File, Format Version 12.00
# Visual Studio Version 17
VisualStudioVersion = 17.0.32014.148
MinimumVisualStudioVersion = 10.0.40219.1
Project("{FAE04EC0-301F-11D3-BF4B-00C04F79EFBC}") = "Calculator", "Calculator\Calculator.csproj", "{91A8F37F-271A-40F9-BEC9-0F63CB54A520}"
EndProject
Global
	GlobalSection(SolutionConfigurationPlatforms) = preSolution
		Debug|Any CPU = Debug|Any CPU
		Release|Any CPU = Release|Any CPU
	EndGlobalSection
	GlobalSection(ProjectConfigurationPlatforms) = postSolution
		{91A8F37F-271A-40F9-BEC9-0F63CB54A520}.Debug|Any CPU.ActiveCfg = Debug|Any CPU
		{91A8F37F-271A-40F9-BEC9-0F63CB54A520}.Debug|Any CPU.Build.0 = Debug|Any CPU
		{91A8F37F-271A-40F9-BEC9-0F63CB54A520}.Release|Any CPU.ActiveCfg = Release|Any CPU
		{91A8F37F-271A-40F9-BEC9-0F63CB54A520}.Release|Any CPU.Build.0 = Release|Any CPU
	EndGlobalSection
	GlobalSection(SolutionProperties) = preSolution
		HideSolutionNode = FALSE
	EndGlobalSection
	GlobalSection(ExtensibilityGlobals) = postSolution
		SolutionGuid = {D62F1E26-C6E2-4DC1-BCC2-D09ABCE0634F}
	EndGlobalSection
EndGlobal
