
Microsoft Visual Studio Solution File, Format Version 12.00
# Visual Studio Version 17
VisualStudioVersion = 17.0.32014.148
MinimumVisualStudioVersion = 10.0.40219.1
Project("{FAE04EC0-301F-11D3-BF4B-00C04F79EFBC}") = "SuperMarketTask", "SuperMarketTask\SuperMarketTask.csproj", "{EC1DD839-F8BD-4043-9CA2-6E233F94310B}"
EndProject
Global
	GlobalSection(SolutionConfigurationPlatforms) = preSolution
		Debug|Any CPU = Debug|Any CPU
		Release|Any CPU = Release|Any CPU
	EndGlobalSection
	GlobalSection(ProjectConfigurationPlatforms) = postSolution
		{EC1DD839-F8BD-4043-9CA2-6E233F94310B}.Debug|Any CPU.ActiveCfg = Debug|Any CPU
		{EC1DD839-F8BD-4043-9CA2-6E233F94310B}.Debug|Any CPU.Build.0 = Debug|Any CPU
		{EC1DD839-F8BD-4043-9CA2-6E233F94310B}.Release|Any CPU.ActiveCfg = Release|Any CPU
		{EC1DD839-F8BD-4043-9CA2-6E233F94310B}.Release|Any CPU.Build.0 = Release|Any CPU
	EndGlobalSection
	GlobalSection(SolutionProperties) = preSolution
		HideSolutionNode = FALSE
	EndGlobalSection
	GlobalSection(ExtensibilityGlobals) = postSolution
		SolutionGuid = {EE75FE36-9011-48FD-BE3B-12689300F694}
	EndGlobalSection
EndGlobal
